// !$*UTF8*$!
{
	archiveVersion = 1;
	classes = {
	};
	objectVersion = 56;
	objects = {

/* Begin PBXBuildFile section */
		05099BC029FA1378003D7E8D /* AllergenTranslations.swift in Sources */ = {isa = PBXBuildFile; fileRef = 05099BBF29FA1378003D7E8D /* AllergenTranslations.swift */; };
		05099BC329FA925A003D7E8D /* LoadingAlert.swift in Sources */ = {isa = PBXBuildFile; fileRef = 05099BC229FA925A003D7E8D /* LoadingAlert.swift */; };
		051A27B729CE87DD00A890D0 /* DiagnosisModel.swift in Sources */ = {isa = PBXBuildFile; fileRef = 051A27B629CE87DD00A890D0 /* DiagnosisModel.swift */; };
		051A27B929CE881200A890D0 /* DiagnosisListModel.swift in Sources */ = {isa = PBXBuildFile; fileRef = 051A27B829CE881200A890D0 /* DiagnosisListModel.swift */; };
		051A27BB29CE885400A890D0 /* EpisodeModel.swift in Sources */ = {isa = PBXBuildFile; fileRef = 051A27BA29CE885400A890D0 /* EpisodeModel.swift */; };
		051A27BF29CE891300A890D0 /* MedicalTestView.swift in Sources */ = {isa = PBXBuildFile; fileRef = 051A27BE29CE891300A890D0 /* MedicalTestView.swift */; };
		051A27C229CE893C00A890D0 /* EpisodeView.swift in Sources */ = {isa = PBXBuildFile; fileRef = 051A27C129CE893C00A890D0 /* EpisodeView.swift */; };
		051A27C429CE895600A890D0 /* SelectSymptoms.swift in Sources */ = {isa = PBXBuildFile; fileRef = 051A27C329CE895600A890D0 /* SelectSymptoms.swift */; };
		051A27C629CE896800A890D0 /* SelectLocations.swift in Sources */ = {isa = PBXBuildFile; fileRef = 051A27C529CE896800A890D0 /* SelectLocations.swift */; };
		051A27CD29CE89A100A890D0 /* DiagnosisView.swift in Sources */ = {isa = PBXBuildFile; fileRef = 051A27CC29CE89A100A890D0 /* DiagnosisView.swift */; };
		051A27D429CE8C9500A890D0 /* AddAllergenView.swift in Sources */ = {isa = PBXBuildFile; fileRef = 051A27D329CE8C9500A890D0 /* AddAllergenView.swift */; };
		051A27DB29D08DE400A890D0 /* AllergenDetailView.swift in Sources */ = {isa = PBXBuildFile; fileRef = 051A27DA29D08DE400A890D0 /* AllergenDetailView.swift */; };
		051A27E329D4294A00A890D0 /* AllergensModel.swift in Sources */ = {isa = PBXBuildFile; fileRef = 051A27E229D4294A00A890D0 /* AllergensModel.swift */; };
		051A27E529D5368000A890D0 /* AllergensListModel.swift in Sources */ = {isa = PBXBuildFile; fileRef = 051A27E429D5368000A890D0 /* AllergensListModel.swift */; };
		051A27EA29D5554F00A890D0 /* EpisodeListModel.swift in Sources */ = {isa = PBXBuildFile; fileRef = 051A27E929D5554F00A890D0 /* EpisodeListModel.swift */; };
		0536E6062A0CB52800E7D8C4 /* NeumorphicStyle.swift in Sources */ = {isa = PBXBuildFile; fileRef = 0536E6052A0CB52800E7D8C4 /* NeumorphicStyle.swift */; };
		05422C8629D94036004BB4A5 /* EpisodeImageModel.swift in Sources */ = {isa = PBXBuildFile; fileRef = 05422C8529D94036004BB4A5 /* EpisodeImageModel.swift */; };
		05422C8F29DBCEEE004BB4A5 /* Launch Screen.storyboard in Resources */ = {isa = PBXBuildFile; fileRef = 05422C8E29DBCEED004BB4A5 /* Launch Screen.storyboard */; };
		05552CF829E2385B00F9AC0A /* CustomUITextField.swift in Sources */ = {isa = PBXBuildFile; fileRef = 05552CF729E2385B00F9AC0A /* CustomUITextField.swift */; };
		05552CFA29E2388700F9AC0A /* CustomTextField.swift in Sources */ = {isa = PBXBuildFile; fileRef = 05552CF929E2388700F9AC0A /* CustomTextField.swift */; };
		05552CFF29E2AF9100F9AC0A /* PersistenceController.swift in Sources */ = {isa = PBXBuildFile; fileRef = 05552CFE29E2AF9100F9AC0A /* PersistenceController.swift */; };
		057F96DA29E0F43800E92220 /* ProfileContainer.xcdatamodeld in Sources */ = {isa = PBXBuildFile; fileRef = 057F96D829E0F43800E92220 /* ProfileContainer.xcdatamodeld */; };
		0590DD3129E53EC6005A49EF /* Color.swift in Sources */ = {isa = PBXBuildFile; fileRef = 0590DD3029E53EC6005A49EF /* Color.swift */; };
		0590DD3929E6ED9C005A49EF /* KeyboardDismissViewModifier.swift in Sources */ = {isa = PBXBuildFile; fileRef = 0590DD3829E6ED9C005A49EF /* KeyboardDismissViewModifier.swift */; };
		05965BAB29F44FFB00B3556B /* ShareSheet.swift in Sources */ = {isa = PBXBuildFile; fileRef = 05965BAA29F44FFB00B3556B /* ShareSheet.swift */; };
		05965BAF29F4F11100B3556B /* PDFExport.swift in Sources */ = {isa = PBXBuildFile; fileRef = 05965BAE29F4F11100B3556B /* PDFExport.swift */; };
		05965BB129F4F1FD00B3556B /* PDFContent.swift in Sources */ = {isa = PBXBuildFile; fileRef = 05965BB029F4F1FD00B3556B /* PDFContent.swift */; };
		05B0712E29C13DA7008A2010 /* ProfileImageModel.swift in Sources */ = {isa = PBXBuildFile; fileRef = 05B0712D29C13DA7008A2010 /* ProfileImageModel.swift */; };
		05B0713029C13DD1008A2010 /* ProfileModel.swift in Sources */ = {isa = PBXBuildFile; fileRef = 05B0712F29C13DD1008A2010 /* ProfileModel.swift */; };
		05B0714129C5E755008A2010 /* DateFormatter.swift in Sources */ = {isa = PBXBuildFile; fileRef = 05B0714029C5E755008A2010 /* DateFormatter.swift */; };
		05B0714329C6BD28008A2010 /* ImagePicker.swift in Sources */ = {isa = PBXBuildFile; fileRef = 05B0714229C6BD28008A2010 /* ImagePicker.swift */; };
		05F19E1C29ED8EA5004A4352 /* Symbols.swift in Sources */ = {isa = PBXBuildFile; fileRef = 05F19E1B29ED8EA5004A4352 /* Symbols.swift */; };
		05F19E1E29ED9530004A4352 /* Theme.swift in Sources */ = {isa = PBXBuildFile; fileRef = 05F19E1D29ED9530004A4352 /* Theme.swift */; };
		05F3890E2A07A3E8009C6210 /* AllergenDetailViewModel.swift in Sources */ = {isa = PBXBuildFile; fileRef = 05F3890D2A07A3E8009C6210 /* AllergenDetailViewModel.swift */; };
		05F6AB1929EE5C3300AA59EB /* RequiredFieldStyle.swift in Sources */ = {isa = PBXBuildFile; fileRef = 05F6AB1829EE5C3300AA59EB /* RequiredFieldStyle.swift */; };
		05F6AB1C29EE641A00AA59EB /* FormValidationProfile.swift in Sources */ = {isa = PBXBuildFile; fileRef = 05F6AB1B29EE641A00AA59EB /* FormValidationProfile.swift */; };
		05F6AB1E29EFA3D400AA59EB /* FormValidationDiagnosis.swift in Sources */ = {isa = PBXBuildFile; fileRef = 05F6AB1D29EFA3D400AA59EB /* FormValidationDiagnosis.swift */; };
		05F6AB2029EFA9ED00AA59EB /* RequiredTextStyle.swift in Sources */ = {isa = PBXBuildFile; fileRef = 05F6AB1F29EFA9ED00AA59EB /* RequiredTextStyle.swift */; };
		37f2e1003a6b61103d3870dfe150cbfb /* Assets.xcassets in Resources */ = {isa = PBXBuildFile; fileRef = b44ea3774057f863247ceade2fe0129a /* Assets.xcassets */; };
		5d0929bfd1bb67cb97803fe43d53246e /* MemberListModel.swift in Sources */ = {isa = PBXBuildFile; fileRef = 7511ec6c10495ef1d733df87b4c9f251 /* MemberListModel.swift */; };
		635e1ae4a63db128d4b4c8c48246b4b0 /* MembersView.swift in Sources */ = {isa = PBXBuildFile; fileRef = 286a28a490ee8f1d80a0b9c470c169c1 /* MembersView.swift */; };
		E342175A2A0BCE5300BEFE0E /* AddNewButton.swift in Sources */ = {isa = PBXBuildFile; fileRef = E34217592A0BCE5300BEFE0E /* AddNewButton.swift */; };
		E3D2AD9429FBBB4D00093012 /* GradientButtonStyle.swift in Sources */ = {isa = PBXBuildFile; fileRef = E3D2AD9329FBBB4D00093012 /* GradientButtonStyle.swift */; };
		ad201ead098bdb7b65eeb519ef3daf70 /* FullWidthButtonStyle.swift in Sources */ = {isa = PBXBuildFile; fileRef = 69bf87161ea9a1894660a10e61015f2b /* FullWidthButtonStyle.swift */; };
		b3b9dba880f13bad225aa45aefd116b9 /* YourRecordsView.swift in Sources */ = {isa = PBXBuildFile; fileRef = d65b9234ace86c190f444c8df57d4ad0 /* YourRecordsView.swift */; };
		d3da089e6c595be44adf2c4cf15984ff /* Guardian.swift in Sources */ = {isa = PBXBuildFile; fileRef = 7c18f8faa4b5b68e441aeb8971c3d551 /* Guardian.swift */; };
		e546bac4e75705aea8de14f811a143d8 /* ProfileView.swift in Sources */ = {isa = PBXBuildFile; fileRef = ebdc53c4e742e385a2d9c5c06bd19c54 /* ProfileView.swift */; };
		ee9f3546aa38d27092b3e536a7a85016 /* Preview Assets.xcassets in Resources */ = {isa = PBXBuildFile; fileRef = 8bc783cd71dfe92c1e2486726982053a /* Preview Assets.xcassets */; };
		fa062cddd79a3dd3f60488861fe99eee /* AwarenessView.swift in Sources */ = {isa = PBXBuildFile; fileRef = ba5b8ef6a08eac2d1f30e768b5339ae4 /* AwarenessView.swift */; };
/* End PBXBuildFile section */

/* Begin PBXFileReference section */
		05099BBF29FA1378003D7E8D /* AllergenTranslations.swift */ = {isa = PBXFileReference; lastKnownFileType = sourcecode.swift; path = AllergenTranslations.swift; sourceTree = "<group>"; };
		05099BC229FA925A003D7E8D /* LoadingAlert.swift */ = {isa = PBXFileReference; lastKnownFileType = sourcecode.swift; path = LoadingAlert.swift; sourceTree = "<group>"; };
		051A27B629CE87DD00A890D0 /* DiagnosisModel.swift */ = {isa = PBXFileReference; lastKnownFileType = sourcecode.swift; path = DiagnosisModel.swift; sourceTree = "<group>"; };
		051A27B829CE881200A890D0 /* DiagnosisListModel.swift */ = {isa = PBXFileReference; lastKnownFileType = sourcecode.swift; path = DiagnosisListModel.swift; sourceTree = "<group>"; };
		051A27BA29CE885400A890D0 /* EpisodeModel.swift */ = {isa = PBXFileReference; lastKnownFileType = sourcecode.swift; path = EpisodeModel.swift; sourceTree = "<group>"; };
		051A27BE29CE891300A890D0 /* MedicalTestView.swift */ = {isa = PBXFileReference; lastKnownFileType = sourcecode.swift; path = MedicalTestView.swift; sourceTree = "<group>"; };
		051A27C129CE893C00A890D0 /* EpisodeView.swift */ = {isa = PBXFileReference; lastKnownFileType = sourcecode.swift; path = EpisodeView.swift; sourceTree = "<group>"; };
		051A27C329CE895600A890D0 /* SelectSymptoms.swift */ = {isa = PBXFileReference; lastKnownFileType = sourcecode.swift; path = SelectSymptoms.swift; sourceTree = "<group>"; };
		051A27C529CE896800A890D0 /* SelectLocations.swift */ = {isa = PBXFileReference; lastKnownFileType = sourcecode.swift; path = SelectLocations.swift; sourceTree = "<group>"; };
		051A27CC29CE89A100A890D0 /* DiagnosisView.swift */ = {isa = PBXFileReference; lastKnownFileType = sourcecode.swift; path = DiagnosisView.swift; sourceTree = "<group>"; };
		051A27D329CE8C9500A890D0 /* AddAllergenView.swift */ = {isa = PBXFileReference; lastKnownFileType = sourcecode.swift; path = AddAllergenView.swift; sourceTree = "<group>"; };
		051A27DA29D08DE400A890D0 /* AllergenDetailView.swift */ = {isa = PBXFileReference; fileEncoding = 4; lastKnownFileType = sourcecode.swift; path = AllergenDetailView.swift; sourceTree = "<group>"; };
		051A27E229D4294A00A890D0 /* AllergensModel.swift */ = {isa = PBXFileReference; lastKnownFileType = sourcecode.swift; path = AllergensModel.swift; sourceTree = "<group>"; };
		051A27E429D5368000A890D0 /* AllergensListModel.swift */ = {isa = PBXFileReference; lastKnownFileType = sourcecode.swift; path = AllergensListModel.swift; sourceTree = "<group>"; };
		051A27E929D5554F00A890D0 /* EpisodeListModel.swift */ = {isa = PBXFileReference; lastKnownFileType = sourcecode.swift; path = EpisodeListModel.swift; sourceTree = "<group>"; };
		0536E6052A0CB52800E7D8C4 /* NeumorphicStyle.swift */ = {isa = PBXFileReference; lastKnownFileType = sourcecode.swift; path = NeumorphicStyle.swift; sourceTree = "<group>"; };
		05422C8529D94036004BB4A5 /* EpisodeImageModel.swift */ = {isa = PBXFileReference; lastKnownFileType = sourcecode.swift; path = EpisodeImageModel.swift; sourceTree = "<group>"; };
		05422C8D29DBCE2D004BB4A5 /* Info.plist */ = {isa = PBXFileReference; lastKnownFileType = text.plist; path = Info.plist; sourceTree = "<group>"; };
		05422C8E29DBCEED004BB4A5 /* Launch Screen.storyboard */ = {isa = PBXFileReference; lastKnownFileType = file.storyboard; path = "Launch Screen.storyboard"; sourceTree = "<group>"; };
		05552CF729E2385B00F9AC0A /* CustomUITextField.swift */ = {isa = PBXFileReference; lastKnownFileType = sourcecode.swift; path = CustomUITextField.swift; sourceTree = "<group>"; };
		05552CF929E2388700F9AC0A /* CustomTextField.swift */ = {isa = PBXFileReference; lastKnownFileType = sourcecode.swift; path = CustomTextField.swift; sourceTree = "<group>"; };
		05552CFE29E2AF9100F9AC0A /* PersistenceController.swift */ = {isa = PBXFileReference; lastKnownFileType = sourcecode.swift; path = PersistenceController.swift; sourceTree = "<group>"; };
		057F96D929E0F43800E92220 /* CoreDataModel.xcdatamodel */ = {isa = PBXFileReference; lastKnownFileType = wrapper.xcdatamodel; path = CoreDataModel.xcdatamodel; sourceTree = "<group>"; };
		0590DD3029E53EC6005A49EF /* Color.swift */ = {isa = PBXFileReference; lastKnownFileType = sourcecode.swift; path = Color.swift; sourceTree = "<group>"; };
		0590DD3829E6ED9C005A49EF /* KeyboardDismissViewModifier.swift */ = {isa = PBXFileReference; lastKnownFileType = sourcecode.swift; path = KeyboardDismissViewModifier.swift; sourceTree = "<group>"; };
		05965BAA29F44FFB00B3556B /* ShareSheet.swift */ = {isa = PBXFileReference; lastKnownFileType = sourcecode.swift; path = ShareSheet.swift; sourceTree = "<group>"; };
		05965BAE29F4F11100B3556B /* PDFExport.swift */ = {isa = PBXFileReference; lastKnownFileType = sourcecode.swift; path = PDFExport.swift; sourceTree = "<group>"; };
		05965BB029F4F1FD00B3556B /* PDFContent.swift */ = {isa = PBXFileReference; lastKnownFileType = sourcecode.swift; path = PDFContent.swift; sourceTree = "<group>"; };
		05B0712D29C13DA7008A2010 /* ProfileImageModel.swift */ = {isa = PBXFileReference; lastKnownFileType = sourcecode.swift; path = ProfileImageModel.swift; sourceTree = "<group>"; };
		05B0712F29C13DD1008A2010 /* ProfileModel.swift */ = {isa = PBXFileReference; lastKnownFileType = sourcecode.swift; path = ProfileModel.swift; sourceTree = "<group>"; };
		05B0713129C173C5008A2010 /* Guardian.entitlements */ = {isa = PBXFileReference; lastKnownFileType = text.plist.entitlements; path = Guardian.entitlements; sourceTree = "<group>"; };
		05B0714029C5E755008A2010 /* DateFormatter.swift */ = {isa = PBXFileReference; lastKnownFileType = sourcecode.swift; path = DateFormatter.swift; sourceTree = "<group>"; };
		05B0714229C6BD28008A2010 /* ImagePicker.swift */ = {isa = PBXFileReference; lastKnownFileType = sourcecode.swift; path = ImagePicker.swift; sourceTree = "<group>"; };
		05F19E1B29ED8EA5004A4352 /* Symbols.swift */ = {isa = PBXFileReference; lastKnownFileType = sourcecode.swift; path = Symbols.swift; sourceTree = "<group>"; };
		05F19E1D29ED9530004A4352 /* Theme.swift */ = {isa = PBXFileReference; lastKnownFileType = sourcecode.swift; path = Theme.swift; sourceTree = "<group>"; };
		05F3890D2A07A3E8009C6210 /* AllergenDetailViewModel.swift */ = {isa = PBXFileReference; lastKnownFileType = sourcecode.swift; path = AllergenDetailViewModel.swift; sourceTree = "<group>"; };
		05F6AB1829EE5C3300AA59EB /* RequiredFieldStyle.swift */ = {isa = PBXFileReference; lastKnownFileType = sourcecode.swift; path = RequiredFieldStyle.swift; sourceTree = "<group>"; };
		05F6AB1B29EE641A00AA59EB /* FormValidationProfile.swift */ = {isa = PBXFileReference; lastKnownFileType = sourcecode.swift; path = FormValidationProfile.swift; sourceTree = "<group>"; };
		05F6AB1D29EFA3D400AA59EB /* FormValidationDiagnosis.swift */ = {isa = PBXFileReference; lastKnownFileType = sourcecode.swift; path = FormValidationDiagnosis.swift; sourceTree = "<group>"; };
		05F6AB1F29EFA9ED00AA59EB /* RequiredTextStyle.swift */ = {isa = PBXFileReference; lastKnownFileType = sourcecode.swift; path = RequiredTextStyle.swift; sourceTree = "<group>"; };
		286a28a490ee8f1d80a0b9c470c169c1 /* MembersView.swift */ = {isa = PBXFileReference; lastKnownFileType = sourcecode.swift; path = MembersView.swift; sourceTree = "<group>"; };
		69bf87161ea9a1894660a10e61015f2b /* FullWidthButtonStyle.swift */ = {isa = PBXFileReference; lastKnownFileType = sourcecode.swift; path = FullWidthButtonStyle.swift; sourceTree = "<group>"; };
		7511ec6c10495ef1d733df87b4c9f251 /* MemberListModel.swift */ = {isa = PBXFileReference; lastKnownFileType = sourcecode.swift; path = MemberListModel.swift; sourceTree = "<group>"; };
		7c18f8faa4b5b68e441aeb8971c3d551 /* Guardian.swift */ = {isa = PBXFileReference; lastKnownFileType = sourcecode.swift; path = Guardian.swift; sourceTree = "<group>"; };
		8bc783cd71dfe92c1e2486726982053a /* Preview Assets.xcassets */ = {isa = PBXFileReference; lastKnownFileType = folder.assetcatalog; path = "Preview Assets.xcassets"; sourceTree = "<group>"; };
		E34217592A0BCE5300BEFE0E /* AddNewButton.swift */ = {isa = PBXFileReference; lastKnownFileType = sourcecode.swift; path = AddNewButton.swift; sourceTree = "<group>"; };
		E3D2AD9329FBBB4D00093012 /* GradientButtonStyle.swift */ = {isa = PBXFileReference; lastKnownFileType = sourcecode.swift; path = GradientButtonStyle.swift; sourceTree = "<group>"; };
		E3D2AD972A00C8BF00093012 /* ProfileContainer_v2.xcdatamodel */ = {isa = PBXFileReference; lastKnownFileType = wrapper.xcdatamodel; path = ProfileContainer_v2.xcdatamodel; sourceTree = "<group>"; };
		b44ea3774057f863247ceade2fe0129a /* Assets.xcassets */ = {isa = PBXFileReference; lastKnownFileType = folder.assetcatalog; path = Assets.xcassets; sourceTree = "<group>"; };
		ba5b8ef6a08eac2d1f30e768b5339ae4 /* AwarenessView.swift */ = {isa = PBXFileReference; lastKnownFileType = sourcecode.swift; path = AwarenessView.swift; sourceTree = "<group>"; };
		d65b9234ace86c190f444c8df57d4ad0 /* YourRecordsView.swift */ = {isa = PBXFileReference; lastKnownFileType = sourcecode.swift; path = YourRecordsView.swift; sourceTree = "<group>"; };
		d661d5d391b9c15bb4dd3ecf4fc484d4 /* Guardian.app */ = {isa = PBXFileReference; explicitFileType = wrapper.application; includeInIndex = 0; path = Guardian.app; sourceTree = BUILT_PRODUCTS_DIR; };
		ebdc53c4e742e385a2d9c5c06bd19c54 /* ProfileView.swift */ = {isa = PBXFileReference; lastKnownFileType = sourcecode.swift; path = ProfileView.swift; sourceTree = "<group>"; };
/* End PBXFileReference section */

/* Begin PBXFrameworksBuildPhase section */
		95D396F8291C4B380053F8C8 /* Frameworks */ = {
			isa = PBXFrameworksBuildPhase;
			buildActionMask = 2147483647;
			files = (
			);
			runOnlyForDeploymentPostprocessing = 0;
		};
/* End PBXFrameworksBuildPhase section */

/* Begin PBXGroup section */
		051A27C029CE892400A890D0 /* EpisodeView */ = {
			isa = PBXGroup;
			children = (
				051A27C129CE893C00A890D0 /* EpisodeView.swift */,
				051A27BA29CE885400A890D0 /* EpisodeModel.swift */,
				05422C8529D94036004BB4A5 /* EpisodeImageModel.swift */,
				051A27C329CE895600A890D0 /* SelectSymptoms.swift */,
				051A27C529CE896800A890D0 /* SelectLocations.swift */,
			);
			path = EpisodeView;
			sourceTree = "<group>";
		};
		051A27C929CE897E00A890D0 /* AllergenDetailView */ = {
			isa = PBXGroup;
			children = (
				051A27DA29D08DE400A890D0 /* AllergenDetailView.swift */,
				05F3890D2A07A3E8009C6210 /* AllergenDetailViewModel.swift */,
				051A27E929D5554F00A890D0 /* EpisodeListModel.swift */,
				051A27D629D005E500A890D0 /* MedicalTestView */,
				051A27C029CE892400A890D0 /* EpisodeView */,
			);
			path = AllergenDetailView;
			sourceTree = "<group>";
		};
		051A27D529CE8E9400A890D0 /* ProfileView */ = {
			isa = PBXGroup;
			children = (
				ebdc53c4e742e385a2d9c5c06bd19c54 /* ProfileView.swift */,
				05B0712F29C13DD1008A2010 /* ProfileModel.swift */,
				05B0712D29C13DA7008A2010 /* ProfileImageModel.swift */,
				051A27E229D4294A00A890D0 /* AllergensModel.swift */,
			);
			path = ProfileView;
			sourceTree = "<group>";
		};
		051A27D629D005E500A890D0 /* MedicalTestView */ = {
			isa = PBXGroup;
			children = (
				051A27BE29CE891300A890D0 /* MedicalTestView.swift */,
			);
			path = MedicalTestView;
			sourceTree = "<group>";
		};
		05552CFB29E238E000F9AC0A /* CustomKeyboard */ = {
			isa = PBXGroup;
			children = (
				05552CF729E2385B00F9AC0A /* CustomUITextField.swift */,
				05552CF929E2388700F9AC0A /* CustomTextField.swift */,
			);
			path = CustomKeyboard;
			sourceTree = "<group>";
		};
		057F96EE29E13A9500E92220 /* Core Data */ = {
			isa = PBXGroup;
			children = (
				05552CFE29E2AF9100F9AC0A /* PersistenceController.swift */,
			);
			path = "Core Data";
			sourceTree = "<group>";
		};
		05B0711F29C01A11008A2010 /* Views */ = {
			isa = PBXGroup;
			children = (
				051A27D529CE8E9400A890D0 /* ProfileView */,
				05F389092A077150009C6210 /* MembersView */,
				05F19E1829EBC8FE004A4352 /* YourRecordsView */,
				05F3890A2A0771CA009C6210 /* DiagnosisView */,
				051A27C929CE897E00A890D0 /* AllergenDetailView */,
				05B0712329C01A81008A2010 /* AwarenessView */,
			);
			path = Views;
			sourceTree = "<group>";
		};
		05B0712329C01A81008A2010 /* AwarenessView */ = {
			isa = PBXGroup;
			children = (
				ba5b8ef6a08eac2d1f30e768b5339ae4 /* AwarenessView.swift */,
				05965BAE29F4F11100B3556B /* PDFExport.swift */,
				05965BB029F4F1FD00B3556B /* PDFContent.swift */,
			);
			path = AwarenessView;
			sourceTree = "<group>";
		};
		05B0712429C01AF1008A2010 /* Utilities */ = {
			isa = PBXGroup;
			children = (
				05F6AB1A29EE640A00AA59EB /* Input Validation */,
				05F19E1B29ED8EA5004A4352 /* Symbols.swift */,
				05099BC229FA925A003D7E8D /* LoadingAlert.swift */,
				05F19E1D29ED9530004A4352 /* Theme.swift */,
				0536E6052A0CB52800E7D8C4 /* NeumorphicStyle.swift */,
				E3D2AD9329FBBB4D00093012 /* GradientButtonStyle.swift */,
				E34217592A0BCE5300BEFE0E /* AddNewButton.swift */,
				05099BBF29FA1378003D7E8D /* AllergenTranslations.swift */,
				69bf87161ea9a1894660a10e61015f2b /* FullWidthButtonStyle.swift */,
				0590DD3829E6ED9C005A49EF /* KeyboardDismissViewModifier.swift */,
				0590DD3029E53EC6005A49EF /* Color.swift */,
				05B0714029C5E755008A2010 /* DateFormatter.swift */,
				05B0714229C6BD28008A2010 /* ImagePicker.swift */,
				051A27D329CE8C9500A890D0 /* AddAllergenView.swift */,
				05552CFB29E238E000F9AC0A /* CustomKeyboard */,
			);
			path = Utilities;
			sourceTree = "<group>";
		};
		05F19E1829EBC8FE004A4352 /* YourRecordsView */ = {
			isa = PBXGroup;
			children = (
				d65b9234ace86c190f444c8df57d4ad0 /* YourRecordsView.swift */,
				051A27E429D5368000A890D0 /* AllergensListModel.swift */,
			);
			path = YourRecordsView;
			sourceTree = "<group>";
		};
		05F389092A077150009C6210 /* MembersView */ = {
			isa = PBXGroup;
			children = (
				286a28a490ee8f1d80a0b9c470c169c1 /* MembersView.swift */,
				7511ec6c10495ef1d733df87b4c9f251 /* MemberListModel.swift */,
			);
			path = MembersView;
			sourceTree = "<group>";
		};
		05F3890A2A0771CA009C6210 /* DiagnosisView */ = {
			isa = PBXGroup;
			children = (
				051A27CC29CE89A100A890D0 /* DiagnosisView.swift */,
				051A27B629CE87DD00A890D0 /* DiagnosisModel.swift */,
				051A27B829CE881200A890D0 /* DiagnosisListModel.swift */,
			);
			path = DiagnosisView;
			sourceTree = "<group>";
		};
		05F6AB1A29EE640A00AA59EB /* Input Validation */ = {
			isa = PBXGroup;
			children = (
				05F6AB1829EE5C3300AA59EB /* RequiredFieldStyle.swift */,
				05F6AB1F29EFA9ED00AA59EB /* RequiredTextStyle.swift */,
				05F6AB1B29EE641A00AA59EB /* FormValidationProfile.swift */,
				05F6AB1D29EFA3D400AA59EB /* FormValidationDiagnosis.swift */,
			);
			path = "Input Validation";
			sourceTree = "<group>";
		};
		95D396F2291C4B380053F8C8 = {
			isa = PBXGroup;
			children = (
				05965BAA29F44FFB00B3556B /* ShareSheet.swift */,
				d6683324c14f01660adbd8ba4f1f943a /* Guardian */,
				95D396FC291C4B380053F8C8 /* Products */,
			);
			sourceTree = "<group>";
		};
		95D396FC291C4B380053F8C8 /* Products */ = {
			isa = PBXGroup;
			children = (
				d661d5d391b9c15bb4dd3ecf4fc484d4 /* Guardian.app */,
			);
			name = Products;
			sourceTree = "<group>";
		};
		95D39704291C4B3A0053F8C8 /* Preview Content */ = {
			isa = PBXGroup;
			children = (
				8bc783cd71dfe92c1e2486726982053a /* Preview Assets.xcassets */,
			);
			path = "Preview Content";
			sourceTree = "<group>";
		};
		d6683324c14f01660adbd8ba4f1f943a /* Guardian */ = {
			isa = PBXGroup;
			children = (
				057F96EE29E13A9500E92220 /* Core Data */,
				05422C8D29DBCE2D004BB4A5 /* Info.plist */,
				05B0713129C173C5008A2010 /* Guardian.entitlements */,
				05422C8E29DBCEED004BB4A5 /* Launch Screen.storyboard */,
				7c18f8faa4b5b68e441aeb8971c3d551 /* Guardian.swift */,
				05B0712429C01AF1008A2010 /* Utilities */,
				05B0711F29C01A11008A2010 /* Views */,
				b44ea3774057f863247ceade2fe0129a /* Assets.xcassets */,
				95D39704291C4B3A0053F8C8 /* Preview Content */,
				057F96D829E0F43800E92220 /* ProfileContainer.xcdatamodeld */,
			);
			path = Guardian;
			sourceTree = "<group>";
		};
/* End PBXGroup section */

/* Begin PBXNativeTarget section */
		95D396FA291C4B380053F8C8 /* Guardian */ = {
			isa = PBXNativeTarget;
			buildConfigurationList = 95D39709291C4B3A0053F8C8 /* Build configuration list for PBXNativeTarget "Guardian" */;
			buildPhases = (
				95D396F7291C4B380053F8C8 /* Sources */,
				95D396F8291C4B380053F8C8 /* Frameworks */,
				95D396F9291C4B380053F8C8 /* Resources */,
			);
			buildRules = (
			);
			dependencies = (
			);
			name = Guardian;
			packageProductDependencies = (
			);
			productName = Guardian;
			productReference = d661d5d391b9c15bb4dd3ecf4fc484d4 /* Guardian.app */;
			productType = "com.apple.product-type.application";
		};
/* End PBXNativeTarget section */

/* Begin PBXProject section */
		95D396F3291C4B380053F8C8 /* Project object */ = {
			isa = PBXProject;
			attributes = {
				BuildIndependentTargetsInParallel = 1;
				LastSwiftUpdateCheck = 1410;
				LastUpgradeCheck = 1410;
				TargetAttributes = {
					95D396FA291C4B380053F8C8 = {
						CreatedOnToolsVersion = 14.1;
					};
				};
			};
			buildConfigurationList = 95D396F6291C4B380053F8C8 /* Build configuration list for PBXProject "Guardian" */;
			compatibilityVersion = "Xcode 14.0";
			developmentRegion = en;
			hasScannedForEncodings = 0;
			knownRegions = (
				en,
				Base,
			);
			mainGroup = 95D396F2291C4B380053F8C8;
			packageReferences = (
			);
			productRefGroup = 95D396FC291C4B380053F8C8 /* Products */;
			projectDirPath = "";
			projectRoot = "";
			targets = (
				95D396FA291C4B380053F8C8 /* Guardian */,
			);
		};
/* End PBXProject section */

/* Begin PBXResourcesBuildPhase section */
		95D396F9291C4B380053F8C8 /* Resources */ = {
			isa = PBXResourcesBuildPhase;
			buildActionMask = 2147483647;
			files = (
				05422C8F29DBCEEE004BB4A5 /* Launch Screen.storyboard in Resources */,
				ee9f3546aa38d27092b3e536a7a85016 /* Preview Assets.xcassets in Resources */,
				37f2e1003a6b61103d3870dfe150cbfb /* Assets.xcassets in Resources */,
			);
			runOnlyForDeploymentPostprocessing = 0;
		};
/* End PBXResourcesBuildPhase section */

/* Begin PBXSourcesBuildPhase section */
		95D396F7291C4B380053F8C8 /* Sources */ = {
			isa = PBXSourcesBuildPhase;
			buildActionMask = 2147483647;
			files = (
				635e1ae4a63db128d4b4c8c48246b4b0 /* MembersView.swift in Sources */,
				057F96DA29E0F43800E92220 /* ProfileContainer.xcdatamodeld in Sources */,
				0590DD3129E53EC6005A49EF /* Color.swift in Sources */,
				05552CF829E2385B00F9AC0A /* CustomUITextField.swift in Sources */,
				fa062cddd79a3dd3f60488861fe99eee /* AwarenessView.swift in Sources */,
				051A27C229CE893C00A890D0 /* EpisodeView.swift in Sources */,
				05F6AB1C29EE641A00AA59EB /* FormValidationProfile.swift in Sources */,
				E3D2AD9429FBBB4D00093012 /* GradientButtonStyle.swift in Sources */,
				05422C8629D94036004BB4A5 /* EpisodeImageModel.swift in Sources */,
				e546bac4e75705aea8de14f811a143d8 /* ProfileView.swift in Sources */,
				05F19E1E29ED9530004A4352 /* Theme.swift in Sources */,
				051A27B929CE881200A890D0 /* DiagnosisListModel.swift in Sources */,
				05B0714129C5E755008A2010 /* DateFormatter.swift in Sources */,
				0590DD3929E6ED9C005A49EF /* KeyboardDismissViewModifier.swift in Sources */,
				051A27EA29D5554F00A890D0 /* EpisodeListModel.swift in Sources */,
				051A27E329D4294A00A890D0 /* AllergensModel.swift in Sources */,
				051A27C629CE896800A890D0 /* SelectLocations.swift in Sources */,
				05099BC329FA925A003D7E8D /* LoadingAlert.swift in Sources */,
				05F6AB1929EE5C3300AA59EB /* RequiredFieldStyle.swift in Sources */,
				05099BC029FA1378003D7E8D /* AllergenTranslations.swift in Sources */,
				ad201ead098bdb7b65eeb519ef3daf70 /* FullWidthButtonStyle.swift in Sources */,
				05552CFF29E2AF9100F9AC0A /* PersistenceController.swift in Sources */,
				E342175A2A0BCE5300BEFE0E /* AddNewButton.swift in Sources */,
				051A27D429CE8C9500A890D0 /* AddAllergenView.swift in Sources */,
				b3b9dba880f13bad225aa45aefd116b9 /* YourRecordsView.swift in Sources */,
				05F19E1C29ED8EA5004A4352 /* Symbols.swift in Sources */,
				051A27C429CE895600A890D0 /* SelectSymptoms.swift in Sources */,
				05965BB129F4F1FD00B3556B /* PDFContent.swift in Sources */,
				05965BAF29F4F11100B3556B /* PDFExport.swift in Sources */,
				05F6AB1E29EFA3D400AA59EB /* FormValidationDiagnosis.swift in Sources */,
				05B0712E29C13DA7008A2010 /* ProfileImageModel.swift in Sources */,
				05552CFA29E2388700F9AC0A /* CustomTextField.swift in Sources */,
				d3da089e6c595be44adf2c4cf15984ff /* Guardian.swift in Sources */,
				051A27BF29CE891300A890D0 /* MedicalTestView.swift in Sources */,
				05F3890E2A07A3E8009C6210 /* AllergenDetailViewModel.swift in Sources */,
				05B0713029C13DD1008A2010 /* ProfileModel.swift in Sources */,
				051A27CD29CE89A100A890D0 /* DiagnosisView.swift in Sources */,
				05F6AB2029EFA9ED00AA59EB /* RequiredTextStyle.swift in Sources */,
				5d0929bfd1bb67cb97803fe43d53246e /* MemberListModel.swift in Sources */,
				05B0714329C6BD28008A2010 /* ImagePicker.swift in Sources */,
				051A27B729CE87DD00A890D0 /* DiagnosisModel.swift in Sources */,
				0536E6062A0CB52800E7D8C4 /* NeumorphicStyle.swift in Sources */,
				051A27E529D5368000A890D0 /* AllergensListModel.swift in Sources */,
				051A27BB29CE885400A890D0 /* EpisodeModel.swift in Sources */,
				051A27DB29D08DE400A890D0 /* AllergenDetailView.swift in Sources */,
				05965BAB29F44FFB00B3556B /* ShareSheet.swift in Sources */,
			);
			runOnlyForDeploymentPostprocessing = 0;
		};
/* End PBXSourcesBuildPhase section */

/* Begin XCBuildConfiguration section */
		95D39707291C4B3A0053F8C8 /* Debug */ = {
			isa = XCBuildConfiguration;
			buildSettings = {
				ALWAYS_SEARCH_USER_PATHS = NO;
				CLANG_ANALYZER_NONNULL = YES;
				CLANG_ANALYZER_NUMBER_OBJECT_CONVERSION = YES_AGGRESSIVE;
				CLANG_CXX_LANGUAGE_STANDARD = "gnu++20";
				CLANG_ENABLE_MODULES = YES;
				CLANG_ENABLE_OBJC_ARC = YES;
				CLANG_ENABLE_OBJC_WEAK = YES;
				CLANG_WARN_BLOCK_CAPTURE_AUTORELEASING = YES;
				CLANG_WARN_BOOL_CONVERSION = YES;
				CLANG_WARN_COMMA = YES;
				CLANG_WARN_CONSTANT_CONVERSION = YES;
				CLANG_WARN_DEPRECATED_OBJC_IMPLEMENTATIONS = YES;
				CLANG_WARN_DIRECT_OBJC_ISA_USAGE = YES_ERROR;
				CLANG_WARN_DOCUMENTATION_COMMENTS = YES;
				CLANG_WARN_EMPTY_BODY = YES;
				CLANG_WARN_ENUM_CONVERSION = YES;
				CLANG_WARN_INFINITE_RECURSION = YES;
				CLANG_WARN_INT_CONVERSION = YES;
				CLANG_WARN_NON_LITERAL_NULL_CONVERSION = YES;
				CLANG_WARN_OBJC_IMPLICIT_RETAIN_SELF = YES;
				CLANG_WARN_OBJC_LITERAL_CONVERSION = YES;
				CLANG_WARN_OBJC_ROOT_CLASS = YES_ERROR;
				CLANG_WARN_QUOTED_INCLUDE_IN_FRAMEWORK_HEADER = YES;
				CLANG_WARN_RANGE_LOOP_ANALYSIS = YES;
				CLANG_WARN_STRICT_PROTOTYPES = YES;
				CLANG_WARN_SUSPICIOUS_MOVE = YES;
				CLANG_WARN_UNGUARDED_AVAILABILITY = YES_AGGRESSIVE;
				CLANG_WARN_UNREACHABLE_CODE = YES;
				CLANG_WARN__DUPLICATE_METHOD_MATCH = YES;
				COPY_PHASE_STRIP = NO;
				DEBUG_INFORMATION_FORMAT = dwarf;
				ENABLE_STRICT_OBJC_MSGSEND = YES;
				ENABLE_TESTABILITY = YES;
				GCC_C_LANGUAGE_STANDARD = gnu11;
				GCC_DYNAMIC_NO_PIC = NO;
				GCC_NO_COMMON_BLOCKS = YES;
				GCC_OPTIMIZATION_LEVEL = 0;
				GCC_PREPROCESSOR_DEFINITIONS = (
					"DEBUG=1",
					"$(inherited)",
				);
				GCC_WARN_64_TO_32_BIT_CONVERSION = YES;
				GCC_WARN_ABOUT_RETURN_TYPE = YES_ERROR;
				GCC_WARN_UNDECLARED_SELECTOR = YES;
				GCC_WARN_UNINITIALIZED_AUTOS = YES_AGGRESSIVE;
				GCC_WARN_UNUSED_FUNCTION = YES;
				GCC_WARN_UNUSED_VARIABLE = YES;
				IPHONEOS_DEPLOYMENT_TARGET = 15.0;
				MTL_ENABLE_DEBUG_INFO = INCLUDE_SOURCE;
				MTL_FAST_MATH = YES;
				ONLY_ACTIVE_ARCH = YES;
				SDKROOT = iphoneos;
				SWIFT_ACTIVE_COMPILATION_CONDITIONS = DEBUG;
				SWIFT_OPTIMIZATION_LEVEL = "-Onone";
			};
			name = Debug;
		};
		95D39708291C4B3A0053F8C8 /* Release */ = {
			isa = XCBuildConfiguration;
			buildSettings = {
				ALWAYS_SEARCH_USER_PATHS = NO;
				CLANG_ANALYZER_NONNULL = YES;
				CLANG_ANALYZER_NUMBER_OBJECT_CONVERSION = YES_AGGRESSIVE;
				CLANG_CXX_LANGUAGE_STANDARD = "gnu++20";
				CLANG_ENABLE_MODULES = YES;
				CLANG_ENABLE_OBJC_ARC = YES;
				CLANG_ENABLE_OBJC_WEAK = YES;
				CLANG_WARN_BLOCK_CAPTURE_AUTORELEASING = YES;
				CLANG_WARN_BOOL_CONVERSION = YES;
				CLANG_WARN_COMMA = YES;
				CLANG_WARN_CONSTANT_CONVERSION = YES;
				CLANG_WARN_DEPRECATED_OBJC_IMPLEMENTATIONS = YES;
				CLANG_WARN_DIRECT_OBJC_ISA_USAGE = YES_ERROR;
				CLANG_WARN_DOCUMENTATION_COMMENTS = YES;
				CLANG_WARN_EMPTY_BODY = YES;
				CLANG_WARN_ENUM_CONVERSION = YES;
				CLANG_WARN_INFINITE_RECURSION = YES;
				CLANG_WARN_INT_CONVERSION = YES;
				CLANG_WARN_NON_LITERAL_NULL_CONVERSION = YES;
				CLANG_WARN_OBJC_IMPLICIT_RETAIN_SELF = YES;
				CLANG_WARN_OBJC_LITERAL_CONVERSION = YES;
				CLANG_WARN_OBJC_ROOT_CLASS = YES_ERROR;
				CLANG_WARN_QUOTED_INCLUDE_IN_FRAMEWORK_HEADER = YES;
				CLANG_WARN_RANGE_LOOP_ANALYSIS = YES;
				CLANG_WARN_STRICT_PROTOTYPES = YES;
				CLANG_WARN_SUSPICIOUS_MOVE = YES;
				CLANG_WARN_UNGUARDED_AVAILABILITY = YES_AGGRESSIVE;
				CLANG_WARN_UNREACHABLE_CODE = YES;
				CLANG_WARN__DUPLICATE_METHOD_MATCH = YES;
				COPY_PHASE_STRIP = NO;
				DEBUG_INFORMATION_FORMAT = "dwarf-with-dsym";
				ENABLE_NS_ASSERTIONS = NO;
				ENABLE_STRICT_OBJC_MSGSEND = YES;
				GCC_C_LANGUAGE_STANDARD = gnu11;
				GCC_NO_COMMON_BLOCKS = YES;
				GCC_WARN_64_TO_32_BIT_CONVERSION = YES;
				GCC_WARN_ABOUT_RETURN_TYPE = YES_ERROR;
				GCC_WARN_UNDECLARED_SELECTOR = YES;
				GCC_WARN_UNINITIALIZED_AUTOS = YES_AGGRESSIVE;
				GCC_WARN_UNUSED_FUNCTION = YES;
				GCC_WARN_UNUSED_VARIABLE = YES;
				IPHONEOS_DEPLOYMENT_TARGET = 15.0;
				MTL_ENABLE_DEBUG_INFO = NO;
				MTL_FAST_MATH = YES;
				SDKROOT = iphoneos;
				SWIFT_COMPILATION_MODE = wholemodule;
				SWIFT_OPTIMIZATION_LEVEL = "-O";
				VALIDATE_PRODUCT = YES;
			};
			name = Release;
		};
		95D3970A291C4B3A0053F8C8 /* Debug */ = {
			isa = XCBuildConfiguration;
			buildSettings = {
				ASSETCATALOG_COMPILER_APPICON_NAME = AppIcon;
				ASSETCATALOG_COMPILER_GLOBAL_ACCENT_COLOR_NAME = AccentColor;
				CODE_SIGN_ENTITLEMENTS = Guardian/Guardian.entitlements;
				CODE_SIGN_STYLE = Automatic;
				CURRENT_PROJECT_VERSION = 13;
				DEVELOPMENT_ASSET_PATHS = "\"Guardian/Preview Content\"";
				DEVELOPMENT_TEAM = FZ7NL6565P;
				ENABLE_PREVIEWS = YES;
				GENERATE_INFOPLIST_FILE = YES;
				INFOPLIST_FILE = Guardian/Info.plist;
				INFOPLIST_KEY_LSApplicationCategoryType = "public.app-category.medical";
				INFOPLIST_KEY_LSSupportsOpeningDocumentsInPlace = YES;
				INFOPLIST_KEY_NSCameraUsageDescription = "画像を取り込むには、カメラへのアクセスが必要です。";
				INFOPLIST_KEY_NSContactsUsageDescription = "共有の目的でお客様の連絡先にアクセスする必要があります。";
				INFOPLIST_KEY_NSLocationWhenInUseUsageDescription = "共有の目的でお客様の位置情報にアクセスする必要があります。";
				INFOPLIST_KEY_NSMicrophoneUsageDescription = "音声を録音するためには、マイクにアクセスする必要があります。";
				INFOPLIST_KEY_NSPhotoLibraryUsageDescription = "画像を共有するためには、アプリがフォトライブラリにアクセスする必要があります。";
				INFOPLIST_KEY_UIApplicationSceneManifest_Generation = YES;
				INFOPLIST_KEY_UIApplicationSupportsIndirectInputEvents = YES;
				INFOPLIST_KEY_UILaunchScreen_Generation = YES;
				INFOPLIST_KEY_UILaunchStoryboardName = "Launch Screen.storyboard";
				INFOPLIST_KEY_UISupportedInterfaceOrientations = UIInterfaceOrientationPortrait;
				IPHONEOS_DEPLOYMENT_TARGET = 16.0;
				LD_RUNPATH_SEARCH_PATHS = (
					"$(inherited)",
					"@executable_path/Frameworks",
				);
				MARKETING_VERSION = 1.0.0;
				PRODUCT_BUNDLE_IDENTIFIER = com.swifteff.GuardianFoodAllergy;
				PRODUCT_NAME = "$(TARGET_NAME)";
				SUPPORTED_PLATFORMS = "iphoneos iphonesimulator";
				SUPPORTS_MACCATALYST = NO;
				SUPPORTS_MAC_DESIGNED_FOR_IPHONE_IPAD = NO;
				SWIFT_EMIT_LOC_STRINGS = YES;
				SWIFT_VERSION = 5.0;
				TARGETED_DEVICE_FAMILY = 1;
			};
			name = Debug;
		};
		95D3970B291C4B3A0053F8C8 /* Release */ = {
			isa = XCBuildConfiguration;
			buildSettings = {
				ASSETCATALOG_COMPILER_APPICON_NAME = AppIcon;
				ASSETCATALOG_COMPILER_GLOBAL_ACCENT_COLOR_NAME = AccentColor;
				CODE_SIGN_ENTITLEMENTS = Guardian/Guardian.entitlements;
				CODE_SIGN_STYLE = Automatic;
				CURRENT_PROJECT_VERSION = 13;
				DEVELOPMENT_ASSET_PATHS = "\"Guardian/Preview Content\"";
				DEVELOPMENT_TEAM = FZ7NL6565P;
				ENABLE_PREVIEWS = YES;
				GENERATE_INFOPLIST_FILE = YES;
				INFOPLIST_FILE = Guardian/Info.plist;
				INFOPLIST_KEY_LSApplicationCategoryType = "public.app-category.medical";
				INFOPLIST_KEY_LSSupportsOpeningDocumentsInPlace = YES;
				INFOPLIST_KEY_NSCameraUsageDescription = "画像を取り込むには、カメラへのアクセスが必要です。";
				INFOPLIST_KEY_NSContactsUsageDescription = "共有の目的でお客様の連絡先にアクセスする必要があります。";
				INFOPLIST_KEY_NSLocationWhenInUseUsageDescription = "共有の目的でお客様の位置情報にアクセスする必要があります。";
				INFOPLIST_KEY_NSMicrophoneUsageDescription = "音声を録音するためには、マイクにアクセスする必要があります。";
				INFOPLIST_KEY_NSPhotoLibraryUsageDescription = "画像を共有するためには、アプリがフォトライブラリにアクセスする必要があります。";
				INFOPLIST_KEY_UIApplicationSceneManifest_Generation = YES;
				INFOPLIST_KEY_UIApplicationSupportsIndirectInputEvents = YES;
				INFOPLIST_KEY_UILaunchScreen_Generation = YES;
				INFOPLIST_KEY_UILaunchStoryboardName = "Launch Screen.storyboard";
				INFOPLIST_KEY_UISupportedInterfaceOrientations = UIInterfaceOrientationPortrait;
				IPHONEOS_DEPLOYMENT_TARGET = 16.0;
				LD_RUNPATH_SEARCH_PATHS = (
					"$(inherited)",
					"@executable_path/Frameworks",
				);
				MARKETING_VERSION = 1.0.0;
				PRODUCT_BUNDLE_IDENTIFIER = com.swifteff.GuardianFoodAllergy;
				PRODUCT_NAME = "$(TARGET_NAME)";
				SUPPORTED_PLATFORMS = "iphoneos iphonesimulator";
				SUPPORTS_MACCATALYST = NO;
				SUPPORTS_MAC_DESIGNED_FOR_IPHONE_IPAD = NO;
				SWIFT_EMIT_LOC_STRINGS = YES;
				SWIFT_VERSION = 5.0;
				TARGETED_DEVICE_FAMILY = 1;
			};
			name = Release;
		};
/* End XCBuildConfiguration section */

/* Begin XCConfigurationList section */
		95D396F6291C4B380053F8C8 /* Build configuration list for PBXProject "Guardian" */ = {
			isa = XCConfigurationList;
			buildConfigurations = (
				95D39707291C4B3A0053F8C8 /* Debug */,
				95D39708291C4B3A0053F8C8 /* Release */,
			);
			defaultConfigurationIsVisible = 0;
			defaultConfigurationName = Release;
		};
		95D39709291C4B3A0053F8C8 /* Build configuration list for PBXNativeTarget "Guardian" */ = {
			isa = XCConfigurationList;
			buildConfigurations = (
				95D3970A291C4B3A0053F8C8 /* Debug */,
				95D3970B291C4B3A0053F8C8 /* Release */,
			);
			defaultConfigurationIsVisible = 0;
			defaultConfigurationName = Release;
		};
/* End XCConfigurationList section */

/* Begin XCVersionGroup section */
		057F96D829E0F43800E92220 /* ProfileContainer.xcdatamodeld */ = {
			isa = XCVersionGroup;
			children = (
				E3D2AD972A00C8BF00093012 /* ProfileContainer_v2.xcdatamodel */,
				057F96D929E0F43800E92220 /* CoreDataModel.xcdatamodel */,
			);
			currentVersion = 057F96D929E0F43800E92220 /* CoreDataModel.xcdatamodel */;
			path = ProfileContainer.xcdatamodeld;
			sourceTree = "<group>";
			versionGroupType = wrapper.xcdatamodel;
		};
/* End XCVersionGroup section */
	};
	rootObject = 95D396F3291C4B380053F8C8 /* Project object */;
}
